// !$*UTF8*$!
{
	archiveVersion = 1;
	classes = {
	};
	objectVersion = 46;
	objects = {

/* Begin PBXBuildFile section */
		652ADA7A13E3EC1000D5143D /* UIKit.framework in Frameworks */ = {isa = PBXBuildFile; fileRef = 652ADA7913E3EC1000D5143D /* UIKit.framework */; };
		652ADA7C13E3EC1000D5143D /* Foundation.framework in Frameworks */ = {isa = PBXBuildFile; fileRef = 652ADA7B13E3EC1000D5143D /* Foundation.framework */; };
		652ADA7E13E3EC1000D5143D /* CoreGraphics.framework in Frameworks */ = {isa = PBXBuildFile; fileRef = 652ADA7D13E3EC1000D5143D /* CoreGraphics.framework */; };
		652ADA8613E3EC1000D5143D /* main.m in Sources */ = {isa = PBXBuildFile; fileRef = 652ADA8513E3EC1000D5143D /* main.m */; };
		652ADAB713E3EF7200D5143D /* dot_product.s in Sources */ = {isa = PBXBuildFile; fileRef = 652ADAB313E3EC4E00D5143D /* dot_product.s */; };
		652ADABA13E3F64D00D5143D /* Accelerate.framework in Frameworks */ = {isa = PBXBuildFile; fileRef = 652ADAB913E3F64D00D5143D /* Accelerate.framework */; };
		654B38E913E5BA4400104E9D /* main.m in Sources */ = {isa = PBXBuildFile; fileRef = 652ADA8513E3EC1000D5143D /* main.m */; };
		654B38EC13E5BA4400104E9D /* dot_product.s in Sources */ = {isa = PBXBuildFile; fileRef = 652ADAB313E3EC4E00D5143D /* dot_product.s */; };
		654B38EE13E5BA4400104E9D /* Accelerate.framework in Frameworks */ = {isa = PBXBuildFile; fileRef = 652ADAB913E3F64D00D5143D /* Accelerate.framework */; };
		654B38EF13E5BA4400104E9D /* UIKit.framework in Frameworks */ = {isa = PBXBuildFile; fileRef = 652ADA7913E3EC1000D5143D /* UIKit.framework */; };
		654B38F013E5BA4400104E9D /* Foundation.framework in Frameworks */ = {isa = PBXBuildFile; fileRef = 652ADA7B13E3EC1000D5143D /* Foundation.framework */; };
		654B38F113E5BA4400104E9D /* CoreGraphics.framework in Frameworks */ = {isa = PBXBuildFile; fileRef = 652ADA7D13E3EC1000D5143D /* CoreGraphics.framework */; };
		654B38FF13E7177700104E9D /* main.m in Sources */ = {isa = PBXBuildFile; fileRef = 652ADA8513E3EC1000D5143D /* main.m */; };
		654B390213E7177700104E9D /* dot_product.s in Sources */ = {isa = PBXBuildFile; fileRef = 652ADAB313E3EC4E00D5143D /* dot_product.s */; };
		654B390413E7177700104E9D /* Accelerate.framework in Frameworks */ = {isa = PBXBuildFile; fileRef = 652ADAB913E3F64D00D5143D /* Accelerate.framework */; };
		654B390513E7177700104E9D /* UIKit.framework in Frameworks */ = {isa = PBXBuildFile; fileRef = 652ADA7913E3EC1000D5143D /* UIKit.framework */; };
		654B390613E7177700104E9D /* Foundation.framework in Frameworks */ = {isa = PBXBuildFile; fileRef = 652ADA7B13E3EC1000D5143D /* Foundation.framework */; };
		654B390713E7177700104E9D /* CoreGraphics.framework in Frameworks */ = {isa = PBXBuildFile; fileRef = 652ADA7D13E3EC1000D5143D /* CoreGraphics.framework */; };
/* End PBXBuildFile section */

/* Begin PBXFileReference section */
		652ADA7513E3EC0F00D5143D /* ARMv7.app */ = {isa = PBXFileReference; explicitFileType = wrapper.application; includeInIndex = 0; path = ARMv7.app; sourceTree = BUILT_PRODUCTS_DIR; };
		652ADA7913E3EC1000D5143D /* UIKit.framework */ = {isa = PBXFileReference; lastKnownFileType = wrapper.framework; name = UIKit.framework; path = System/Library/Frameworks/UIKit.framework; sourceTree = SDKROOT; };
		652ADA7B13E3EC1000D5143D /* Foundation.framework */ = {isa = PBXFileReference; lastKnownFileType = wrapper.framework; name = Foundation.framework; path = System/Library/Frameworks/Foundation.framework; sourceTree = SDKROOT; };
		652ADA7D13E3EC1000D5143D /* CoreGraphics.framework */ = {isa = PBXFileReference; lastKnownFileType = wrapper.framework; name = CoreGraphics.framework; path = System/Library/Frameworks/CoreGraphics.framework; sourceTree = SDKROOT; };
		652ADA8113E3EC1000D5143D /* ARM-Info.plist */ = {isa = PBXFileReference; lastKnownFileType = text.plist.xml; path = "ARM-Info.plist"; sourceTree = "<group>"; };
		652ADA8513E3EC1000D5143D /* main.m */ = {isa = PBXFileReference; lastKnownFileType = sourcecode.c.objc; path = main.m; sourceTree = "<group>"; };
		652ADA8713E3EC1000D5143D /* ARM-Prefix.pch */ = {isa = PBXFileReference; lastKnownFileType = sourcecode.c.h; path = "ARM-Prefix.pch"; sourceTree = "<group>"; };
		652ADA9A13E3EC1000D5143D /* SenTestingKit.framework */ = {isa = PBXFileReference; lastKnownFileType = wrapper.framework; name = SenTestingKit.framework; path = Library/Frameworks/SenTestingKit.framework; sourceTree = DEVELOPER_DIR; };
		652ADAB313E3EC4E00D5143D /* dot_product.s */ = {isa = PBXFileReference; fileEncoding = 4; lastKnownFileType = sourcecode.asm; path = dot_product.s; sourceTree = "<group>"; };
		652ADAB913E3F64D00D5143D /* Accelerate.framework */ = {isa = PBXFileReference; lastKnownFileType = wrapper.framework; name = Accelerate.framework; path = System/Library/Frameworks/Accelerate.framework; sourceTree = SDKROOT; };
		654B38F913E5BA4400104E9D /* ARMv6.app */ = {isa = PBXFileReference; explicitFileType = wrapper.application; includeInIndex = 0; path = ARMv6.app; sourceTree = BUILT_PRODUCTS_DIR; };
		654B38FB13E5BA4500104E9D /* ARM copy-Info.plist */ = {isa = PBXFileReference; lastKnownFileType = text.plist.xml; name = "ARM copy-Info.plist"; path = "/Users/daniel/Dropbox/University/Assignments/4810-1164 Modern Computer Architectures and System Software/ARM/ARM copy-Info.plist"; sourceTree = "<absolute>"; };
		654B38FC13E5DA4600104E9D /* README.markdown */ = {isa = PBXFileReference; lastKnownFileType = text; path = README.markdown; sourceTree = SOURCE_ROOT; };
		654B390F13E7177700104E9D /* x86.app */ = {isa = PBXFileReference; explicitFileType = wrapper.application; includeInIndex = 0; path = x86.app; sourceTree = BUILT_PRODUCTS_DIR; };
/* End PBXFileReference section */

/* Begin PBXFrameworksBuildPhase section */
		652ADA7213E3EC0F00D5143D /* Frameworks */ = {
			isa = PBXFrameworksBuildPhase;
			buildActionMask = 2147483647;
			files = (
				652ADABA13E3F64D00D5143D /* Accelerate.framework in Frameworks */,
				652ADA7A13E3EC1000D5143D /* UIKit.framework in Frameworks */,
				652ADA7C13E3EC1000D5143D /* Foundation.framework in Frameworks */,
				652ADA7E13E3EC1000D5143D /* CoreGraphics.framework in Frameworks */,
			);
			runOnlyForDeploymentPostprocessing = 0;
		};
		654B38ED13E5BA4400104E9D /* Frameworks */ = {
			isa = PBXFrameworksBuildPhase;
			buildActionMask = 2147483647;
			files = (
				654B38EE13E5BA4400104E9D /* Accelerate.framework in Frameworks */,
				654B38EF13E5BA4400104E9D /* UIKit.framework in Frameworks */,
				654B38F013E5BA4400104E9D /* Foundation.framework in Frameworks */,
				654B38F113E5BA4400104E9D /* CoreGraphics.framework in Frameworks */,
			);
			runOnlyForDeploymentPostprocessing = 0;
		};
		654B390313E7177700104E9D /* Frameworks */ = {
			isa = PBXFrameworksBuildPhase;
			buildActionMask = 2147483647;
			files = (
				654B390413E7177700104E9D /* Accelerate.framework in Frameworks */,
				654B390513E7177700104E9D /* UIKit.framework in Frameworks */,
				654B390613E7177700104E9D /* Foundation.framework in Frameworks */,
				654B390713E7177700104E9D /* CoreGraphics.framework in Frameworks */,
			);
			runOnlyForDeploymentPostprocessing = 0;
		};
/* End PBXFrameworksBuildPhase section */

/* Begin PBXGroup section */
		652ADA6A13E3EC0F00D5143D = {
			isa = PBXGroup;
			children = (
				652ADA7F13E3EC1000D5143D /* ARM */,
				652ADA7813E3EC1000D5143D /* Frameworks */,
				652ADA7613E3EC0F00D5143D /* Products */,
				654B38FB13E5BA4500104E9D /* ARM copy-Info.plist */,
			);
			sourceTree = "<group>";
		};
		652ADA7613E3EC0F00D5143D /* Products */ = {
			isa = PBXGroup;
			children = (
				652ADA7513E3EC0F00D5143D /* ARMv7.app */,
				654B38F913E5BA4400104E9D /* ARMv6.app */,
				654B390F13E7177700104E9D /* x86.app */,
			);
			name = Products;
			sourceTree = "<group>";
		};
		652ADA7813E3EC1000D5143D /* Frameworks */ = {
			isa = PBXGroup;
			children = (
				652ADAB913E3F64D00D5143D /* Accelerate.framework */,
				652ADA7913E3EC1000D5143D /* UIKit.framework */,
				652ADA7B13E3EC1000D5143D /* Foundation.framework */,
				652ADA7D13E3EC1000D5143D /* CoreGraphics.framework */,
				652ADA9A13E3EC1000D5143D /* SenTestingKit.framework */,
			);
			name = Frameworks;
			sourceTree = "<group>";
		};
		652ADA7F13E3EC1000D5143D /* ARM */ = {
			isa = PBXGroup;
			children = (
				652ADA8513E3EC1000D5143D /* main.m */,
				652ADAB313E3EC4E00D5143D /* dot_product.s */,
				652ADA8013E3EC1000D5143D /* Supporting Files */,
			);
			path = ARM;
			sourceTree = "<group>";
		};
		652ADA8013E3EC1000D5143D /* Supporting Files */ = {
			isa = PBXGroup;
			children = (
				652ADA8113E3EC1000D5143D /* ARM-Info.plist */,
				652ADA8713E3EC1000D5143D /* ARM-Prefix.pch */,
				654B38FC13E5DA4600104E9D /* README.markdown */,
			);
			name = "Supporting Files";
			sourceTree = "<group>";
		};
/* End PBXGroup section */

/* Begin PBXNativeTarget section */
		652ADA7413E3EC0F00D5143D /* ARMv7 */ = {
			isa = PBXNativeTarget;
			buildConfigurationList = 652ADAAD13E3EC1000D5143D /* Build configuration list for PBXNativeTarget "ARMv7" */;
			buildPhases = (
				652ADA7113E3EC0F00D5143D /* Sources */,
				652ADA7213E3EC0F00D5143D /* Frameworks */,
				652ADA7313E3EC0F00D5143D /* Resources */,
			);
			buildRules = (
			);
			dependencies = (
			);
			name = ARMv7;
			productName = ARM;
			productReference = 652ADA7513E3EC0F00D5143D /* ARMv7.app */;
			productType = "com.apple.product-type.application";
		};
		654B38E713E5BA4400104E9D /* ARMv6 */ = {
			isa = PBXNativeTarget;
			buildConfigurationList = 654B38F613E5BA4400104E9D /* Build configuration list for PBXNativeTarget "ARMv6" */;
			buildPhases = (
				654B38E813E5BA4400104E9D /* Sources */,
				654B38ED13E5BA4400104E9D /* Frameworks */,
				654B38F213E5BA4400104E9D /* Resources */,
			);
			buildRules = (
			);
			dependencies = (
			);
			name = ARMv6;
			productName = ARM;
			productReference = 654B38F913E5BA4400104E9D /* ARMv6.app */;
			productType = "com.apple.product-type.application";
		};
		654B38FD13E7177700104E9D /* x86 */ = {
			isa = PBXNativeTarget;
			buildConfigurationList = 654B390C13E7177700104E9D /* Build configuration list for PBXNativeTarget "x86" */;
			buildPhases = (
				654B38FE13E7177700104E9D /* Sources */,
				654B390313E7177700104E9D /* Frameworks */,
				654B390813E7177700104E9D /* Resources */,
			);
			buildRules = (
			);
			dependencies = (
			);
			name = x86;
			productName = ARM;
			productReference = 654B390F13E7177700104E9D /* x86.app */;
			productType = "com.apple.product-type.application";
		};
/* End PBXNativeTarget section */

/* Begin PBXProject section */
		652ADA6C13E3EC0F00D5143D /* Project object */ = {
			isa = PBXProject;
			buildConfigurationList = 652ADA6F13E3EC0F00D5143D /* Build configuration list for PBXProject "ARM" */;
			compatibilityVersion = "Xcode 3.2";
			developmentRegion = English;
			hasScannedForEncodings = 0;
			knownRegions = (
				en,
			);
			mainGroup = 652ADA6A13E3EC0F00D5143D;
			productRefGroup = 652ADA7613E3EC0F00D5143D /* Products */;
			projectDirPath = "";
			projectRoot = "";
			targets = (
				652ADA7413E3EC0F00D5143D /* ARMv7 */,
				654B38E713E5BA4400104E9D /* ARMv6 */,
				654B38FD13E7177700104E9D /* x86 */,
			);
		};
/* End PBXProject section */

/* Begin PBXResourcesBuildPhase section */
		652ADA7313E3EC0F00D5143D /* Resources */ = {
			isa = PBXResourcesBuildPhase;
			buildActionMask = 2147483647;
			files = (
			);
			runOnlyForDeploymentPostprocessing = 0;
		};
		654B38F213E5BA4400104E9D /* Resources */ = {
			isa = PBXResourcesBuildPhase;
			buildActionMask = 2147483647;
			files = (
			);
			runOnlyForDeploymentPostprocessing = 0;
		};
		654B390813E7177700104E9D /* Resources */ = {
			isa = PBXResourcesBuildPhase;
			buildActionMask = 2147483647;
			files = (
			);
			runOnlyForDeploymentPostprocessing = 0;
		};
/* End PBXResourcesBuildPhase section */

/* Begin PBXSourcesBuildPhase section */
		652ADA7113E3EC0F00D5143D /* Sources */ = {
			isa = PBXSourcesBuildPhase;
			buildActionMask = 2147483647;
			files = (
				652ADA8613E3EC1000D5143D /* main.m in Sources */,
				652ADAB713E3EF7200D5143D /* dot_product.s in Sources */,
			);
			runOnlyForDeploymentPostprocessing = 0;
		};
		654B38E813E5BA4400104E9D /* Sources */ = {
			isa = PBXSourcesBuildPhase;
			buildActionMask = 2147483647;
			files = (
				654B38E913E5BA4400104E9D /* main.m in Sources */,
				654B38EC13E5BA4400104E9D /* dot_product.s in Sources */,
			);
			runOnlyForDeploymentPostprocessing = 0;
		};
		654B38FE13E7177700104E9D /* Sources */ = {
			isa = PBXSourcesBuildPhase;
			buildActionMask = 2147483647;
			files = (
				654B38FF13E7177700104E9D /* main.m in Sources */,
				654B390213E7177700104E9D /* dot_product.s in Sources */,
			);
			runOnlyForDeploymentPostprocessing = 0;
		};
/* End PBXSourcesBuildPhase section */

/* Begin XCBuildConfiguration section */
		652ADAAB13E3EC1000D5143D /* Debug */ = {
			isa = XCBuildConfiguration;
			buildSettings = {
				ALWAYS_SEARCH_USER_PATHS = NO;
				ARCHS = "$(ARCHS_STANDARD_32_BIT)";
				"CODE_SIGN_IDENTITY[sdk=iphoneos*]" = "iPhone Developer";
				COPY_PHASE_STRIP = NO;
				GCC_C_LANGUAGE_STANDARD = gnu99;
				GCC_DYNAMIC_NO_PIC = NO;
				GCC_OPTIMIZATION_LEVEL = 0;
				GCC_PREPROCESSOR_DEFINITIONS = (
					"DEBUG=1",
					"$(inherited)",
				);
				GCC_SYMBOLS_PRIVATE_EXTERN = NO;
				GCC_VERSION = com.apple.compilers.llvmgcc42;
				GCC_WARN_ABOUT_MISSING_PROTOTYPES = YES;
				GCC_WARN_ABOUT_RETURN_TYPE = YES;
				GCC_WARN_UNUSED_VARIABLE = YES;
				IPHONEOS_DEPLOYMENT_TARGET = 4.3;
				PRODUCT_NAME = "$(TARGET_NAME)";
				SDKROOT = iphoneos;
			};
			name = Debug;
		};
		652ADAAC13E3EC1000D5143D /* Release */ = {
			isa = XCBuildConfiguration;
			buildSettings = {
				ALWAYS_SEARCH_USER_PATHS = NO;
				ARCHS = "$(ARCHS_STANDARD_32_BIT)";
				"CODE_SIGN_IDENTITY[sdk=iphoneos*]" = "iPhone Developer";
				COPY_PHASE_STRIP = YES;
				GCC_C_LANGUAGE_STANDARD = gnu99;
				GCC_VERSION = com.apple.compilers.llvmgcc42;
				GCC_WARN_ABOUT_MISSING_PROTOTYPES = YES;
				GCC_WARN_ABOUT_RETURN_TYPE = YES;
				GCC_WARN_UNUSED_VARIABLE = YES;
				IPHONEOS_DEPLOYMENT_TARGET = 4.3;
				OTHER_CFLAGS = "-DNS_BLOCK_ASSERTIONS=1";
				PRODUCT_NAME = "$(TARGET_NAME)";
				SDKROOT = iphoneos;
				VALIDATE_PRODUCT = YES;
			};
			name = Release;
		};
		652ADAAE13E3EC1000D5143D /* Debug */ = {
			isa = XCBuildConfiguration;
			buildSettings = {
				ARCHS = armv7;
				GCC_PRECOMPILE_PREFIX_HEADER = YES;
				GCC_PREFIX_HEADER = "ARM/ARM-Prefix.pch";
				INFOPLIST_FILE = "ARM/ARM-Info.plist";
				WRAPPER_EXTENSION = app;
			};
			name = Debug;
		};
		652ADAAF13E3EC1000D5143D /* Release */ = {
			isa = XCBuildConfiguration;
			buildSettings = {
				ARCHS = armv7;
				GCC_PRECOMPILE_PREFIX_HEADER = YES;
				GCC_PREFIX_HEADER = "ARM/ARM-Prefix.pch";
				INFOPLIST_FILE = "ARM/ARM-Info.plist";
				WRAPPER_EXTENSION = app;
			};
			name = Release;
		};
		654B38F713E5BA4400104E9D /* Debug */ = {
			isa = XCBuildConfiguration;
			buildSettings = {
				ARCHS = armv6;
				GCC_PRECOMPILE_PREFIX_HEADER = YES;
				GCC_PREFIX_HEADER = "ARM/ARM-Prefix.pch";
				INFOPLIST_FILE = "ARM/ARM-Info.plist";
				WRAPPER_EXTENSION = app;
			};
			name = Debug;
		};
		654B38F813E5BA4400104E9D /* Release */ = {
			isa = XCBuildConfiguration;
			buildSettings = {
				ARCHS = armv6;
				GCC_PRECOMPILE_PREFIX_HEADER = YES;
				GCC_PREFIX_HEADER = "ARM/ARM-Prefix.pch";
				INFOPLIST_FILE = "ARM/ARM-Info.plist";
				WRAPPER_EXTENSION = app;
			};
			name = Release;
		};
		654B390D13E7177700104E9D /* Debug */ = {
			isa = XCBuildConfiguration;
			buildSettings = {
				GCC_PRECOMPILE_PREFIX_HEADER = YES;
				GCC_PREFIX_HEADER = "ARM/ARM-Prefix.pch";
				INFOPLIST_FILE = "ARM/ARM-Info.plist";
				PRODUCT_NAME = x86;
				WRAPPER_EXTENSION = app;
			};
			name = Debug;
		};
		654B390E13E7177700104E9D /* Release */ = {
			isa = XCBuildConfiguration;
			buildSettings = {
				GCC_PRECOMPILE_PREFIX_HEADER = YES;
				GCC_PREFIX_HEADER = "ARM/ARM-Prefix.pch";
				INFOPLIST_FILE = "ARM/ARM-Info.plist";
				PRODUCT_NAME = x86;
				WRAPPER_EXTENSION = app;
			};
			name = Release;
		};
/* End XCBuildConfiguration section */

/* Begin XCConfigurationList section */
		652ADA6F13E3EC0F00D5143D /* Build configuration list for PBXProject "ARM" */ = {
			isa = XCConfigurationList;
			buildConfigurations = (
				652ADAAB13E3EC1000D5143D /* Debug */,
				652ADAAC13E3EC1000D5143D /* Release */,
			);
			defaultConfigurationIsVisible = 0;
			defaultConfigurationName = Release;
		};
		652ADAAD13E3EC1000D5143D /* Build configuration list for PBXNativeTarget "ARMv7" */ = {
			isa = XCConfigurationList;
			buildConfigurations = (
				652ADAAE13E3EC1000D5143D /* Debug */,
				652ADAAF13E3EC1000D5143D /* Release */,
			);
			defaultConfigurationIsVisible = 0;
			defaultConfigurationName = Release;
		};
		654B38F613E5BA4400104E9D /* Build configuration list for PBXNativeTarget "ARMv6" */ = {
			isa = XCConfigurationList;
			buildConfigurations = (
				654B38F713E5BA4400104E9D /* Debug */,
				654B38F813E5BA4400104E9D /* Release */,
			);
			defaultConfigurationIsVisible = 0;
			defaultConfigurationName = Release;
		};
		654B390C13E7177700104E9D /* Build configuration list for PBXNativeTarget "x86" */ = {
			isa = XCConfigurationList;
			buildConfigurations = (
				654B390D13E7177700104E9D /* Debug */,
				654B390E13E7177700104E9D /* Release */,
			);
			defaultConfigurationIsVisible = 0;
			defaultConfigurationName = Release;
		};
/* End XCConfigurationList section */
	};
	rootObject = 652ADA6C13E3EC0F00D5143D /* Project object */;
}
